Microsoft Visual Studio Solution File, Format Version 12.00
# Visual Studio Version 17
VisualStudioVersion = 17.5.2.0
MinimumVisualStudioVersion = 10.0.40219.1
Project("{FAE04EC0-301F-11D3-BF4B-00C04F79EFBC}") = "Tarea_3-CRUD-ESTUDIANTES", "Tarea_3-CRUD-ESTUDIANTES.csproj", "{8F311732-EEAB-A4ED-8CD4-1DDC3F594958}"
EndProject
Global
	GlobalSection(SolutionConfigurationPlatforms) = preSolution
		Debug|Any CPU = Debug|Any CPU
		Release|Any CPU = Release|Any CPU
	EndGlobalSection
	GlobalSection(ProjectConfigurationPlatforms) = postSolution
		{8F311732-EEAB-A4ED-8CD4-1DDC3F594958}.Debug|Any CPU.ActiveCfg = Debug|Any CPU
		{8F311732-EEAB-A4ED-8CD4-1DDC3F594958}.Debug|Any CPU.Build.0 = Debug|Any CPU
		{8F311732-EEAB-A4ED-8CD4-1DDC3F594958}.Release|Any CPU.ActiveCfg = Release|Any CPU
		{8F311732-EEAB-A4ED-8CD4-1DDC3F594958}.Release|Any CPU.Build.0 = Release|Any CPU
	EndGlobalSection
	GlobalSection(SolutionProperties) = preSolution
		HideSolutionNode = FALSE
	EndGlobalSection
	GlobalSection(ExtensibilityGlobals) = postSolution
		SolutionGuid = {60DAA9D9-1D93-406C-89C3-AA1C7E4BFF44}
	EndGlobalSection
EndGlobal
